# THIS IS AN AUTOGENERATED FILE. DO NOT EDIT THIS FILE DIRECTLY.
# yarn lockfile v1


axios@0.9.1:
  version "0.9.1"
  resolved "https://registry.yarnpkg.com/axios/-/axios-0.9.1.tgz#95608b16447ee29b033589854c3fc7ee2c06bf6e"
  dependencies:
    follow-redirects "0.0.7"

debug@^2.2.0:
  version "2.6.4"
  resolved "https://registry.yarnpkg.com/debug/-/debug-2.6.4.tgz#7586a9b3c39741c0282ae33445c4e8ac74734fe0"
  dependencies:
    ms "0.7.3"

follow-redirects@0.0.7:
  version "0.0.7"
  resolved "https://registry.yarnpkg.com/follow-redirects/-/follow-redirects-0.0.7.tgz#34b90bab2a911aa347571da90f22bd36ecd8a919"
  dependencies:
    debug "^2.2.0"
    stream-consume "^0.1.0"

lodash@^4.0.0:
  version "4.17.4"
  resolved "https://registry.yarnpkg.com/lodash/-/lodash-4.17.4.tgz#78203a4d1c328ae1d86dca6460e369b57f4055ae"

ms@0.7.3:
  version "0.7.3"
  resolved "https://registry.yarnpkg.com/ms/-/ms-0.7.3.tgz#708155a5e44e33f5fd0fc53e81d0d40a91be1fff"

sax@>=0.6.0, sax@^1.2.1:
  version "1.2.2"
  resolved "https://registry.yarnpkg.com/sax/-/sax-1.2.2.tgz#fd8631a23bc7826bef5d871bdb87378c95647828"

stream-consume@^0.1.0:
  version "0.1.0"
  resolved "https://registry.yarnpkg.com/stream-consume/-/stream-consume-0.1.0.tgz#a41ead1a6d6081ceb79f65b061901b6d8f3d1d0f"

thegamesdb@^0.1.2:
  version "0.1.2"
  resolved "https://registry.yarnpkg.com/thegamesdb/-/thegamesdb-0.1.2.tgz#c1b1a118074c1881f375c40ef32cfdae2b2069f0"
  dependencies:
    axios "0.9.1"
    xml2js "0.4.16"

xml2js@0.4.16:
  version "0.4.16"
  resolved "https://registry.yarnpkg.com/xml2js/-/xml2js-0.4.16.tgz#f82fccd2f9540d7e0a9b5dac163e7471195c9db3"
  dependencies:
    sax ">=0.6.0"
    xmlbuilder "^4.1.0"

xmlbuilder@^4.1.0:
  version "4.2.1"
  resolved "https://registry.yarnpkg.com/xmlbuilder/-/xmlbuilder-4.2.1.tgz#aa58a3041a066f90eaa16c2f5389ff19f3f461a5"
  dependencies:
    lodash "^4.0.0"

xmldoc@^1.0.0:
  version "1.0.0"
  resolved "https://registry.yarnpkg.com/xmldoc/-/xmldoc-1.0.0.tgz#afb1177830612bbd716fe94e883e6a08f8b97906"
  dependencies:
    sax "^1.2.1"
